{
  "lockfileVersion": 1,
  "configVersion": 1,
  "workspaces": {
    "": {
      "name": "ocr-now",
      "dependencies": {
        "franc-min": "^6.2.0",
      },
    },
  },
  "packages": {
    "collapse-white-space": ["collapse-white-space@2.1.0", "", {}, "sha512-loKTxY1zCOuG4j9f6EPnuyyYkf58RnhhWTvRoZEokgB+WbdXehfjFviyOVYkqzEWz1Q5kRiZdBYS5SwxbQYwzw=="],

    "franc-min": ["franc-min@6.2.0", "", { "dependencies": { "trigram-utils": "^2.0.0" } }, "sha512-1uDIEUSlUZgvJa2AKYR/dmJC66v/PvGQ9mWfI9nOr/kPpMFyvswK0gPXOwpYJYiYD008PpHLkGfG58SPjQJFxw=="],

    "n-gram": ["n-gram@2.0.2", "", {}, "sha512-S24aGsn+HLBxUGVAUFOwGpKs7LBcG4RudKU//eWzt/mQ97/NMKQxDWHyHx63UNWk/OOdihgmzoETn1tf5nQDzQ=="],

    "trigram-utils": ["trigram-utils@2.0.1", "", { "dependencies": { "collapse-white-space": "^2.0.0", "n-gram": "^2.0.0" } }, "sha512-nfWIXHEaB+HdyslAfMxSqWKDdmqY9I32jS7GnqpdWQnLH89r6A5sdk3fDVYqGAZ0CrT8ovAFSAo6HRiWcWNIGQ=="],
  }
}
